<?xml version="1.0" encoding="utf-8"?>
<Project ToolsVersion="15.0" xmlns="http://schemas.microsoft.com/developer/msbuild/2003">
  <ItemGroup>
    <ClCompile Include="pch.cpp" />
    <ClCompile Include="$(GeneratedFilesDir)module.g.cpp" />
  </ItemGroup>
  <ItemGroup>
    <ClInclude Include="pch.h" />
    <ClInclude Include="include\ToastTemplates.hpp">
      <Filter>include</Filter>
    </ClInclude>
    <ClInclude Include="include\Glyphs.hpp">
      <Filter>include</Filter>
    </ClInclude>
    <ClInclude Include="include\ToastBuilder.hpp">
      <Filter>include</Filter>
    </ClInclude>
    <ClInclude Include="ReverseConverterBase.hpp">
      <Filter>Converters</Filter>
    </ClInclude>
    <ClInclude Include="include\PropertyChangeHelper.hpp">
      <Filter>include</Filter>
    </ClInclude>
    <ClInclude Include="include\TemplateControlHelper.hpp">
      <Filter>include</Filter>
    </ClInclude>
    <ClInclude Include="include\Export.h" />
    <ClInclude Include="include\BadgeGlyphs.hpp">
      <Filter>include</Filter>
    </ClInclude>
    <ClInclude Include="include\Taskbar.hpp">
      <Filter>include</Filter>
    </ClInclude>
  </ItemGroup>
  <ItemGroup>
    <None Include="WinUI3Package.def" />
    <None Include="packages.config" />
    <None Include=".nuspec" />
  </ItemGroup>
  <ItemGroup>
    <Filter Include="include">
      <UniqueIdentifier>{f8d8d370-4f18-4c11-a8c6-6145dcde80da}</UniqueIdentifier>
    </Filter>
    <Filter Include="Converters">
      <UniqueIdentifier>{705ed3e6-dfae-492b-ae3c-1b4f2e9acecc}</UniqueIdentifier>
    </Filter>
    <Filter Include="Triggers">
      <UniqueIdentifier>{3cc9cab8-b17a-4fce-806e-769d99c0084d}</UniqueIdentifier>
    </Filter>
    <Filter Include="MarkupExtensions">
      <UniqueIdentifier>{877a96cc-8fdd-4e4b-af4d-f103a2fbdef1}</UniqueIdentifier>
    </Filter>
    <Filter Include="Controls">
      <UniqueIdentifier>{64af69c0-57c7-4bf9-877e-c252bcb5167a}</UniqueIdentifier>
    </Filter>
    <Filter Include="Controls\GroupBox">
      <UniqueIdentifier>{8b0acd1f-86d3-45a7-afa9-9f5fb4907e28}</UniqueIdentifier>
    </Filter>
    <Filter Include="Controls\SettingsCard">
      <UniqueIdentifier>{1d6eabd4-0f64-467a-9db2-2b785ed1e7a7}</UniqueIdentifier>
    </Filter>
    <Filter Include="Controls\SettingsExpander">
      <UniqueIdentifier>{7f4c5d5f-7657-42e8-ab4c-28ffd4afc61d}</UniqueIdentifier>
    </Filter>
  </ItemGroup>
  <ItemGroup>
    <Natvis Include="$(MSBuildThisFileDirectory)..\..\natvis\wil.natvis" />
  </ItemGroup>
  <ItemGroup>
    <Midl Include="Placeholder.idl" />
    <Midl Include="CursorController.idl" />
    <Midl Include="BoolToVisibilityConverter.idl">
      <Filter>Converters</Filter>
    </Midl>
    <Midl Include="ContainerToBoolConverter.idl">
      <Filter>Converters</Filter>
    </Midl>
    <Midl Include="ConverterGroup.idl">
      <Filter>Converters</Filter>
    </Midl>
    <Midl Include="NegateBoolConverter.idl">
      <Filter>Converters</Filter>
    </Midl>
    <Midl Include="ReferenceToBoolConverter.idl">
      <Filter>Converters</Filter>
    </Midl>
    <Midl Include="StringToBoolConverter.idl">
      <Filter>Converters</Filter>
    </Midl>
    <Midl Include="ControlSizeTrigger.idl">
      <Filter>Triggers</Filter>
    </Midl>
    <Midl Include="IsEqualStateTrigger.idl">
      <Filter>Triggers</Filter>
    </Midl>
    <Midl Include="IsNullOrEmptyStateTrigger.idl">
      <Filter>Triggers</Filter>
    </Midl>
    <Midl Include="FontIconExtension.idl">
      <Filter>MarkupExtensions</Filter>
    </Midl>
    <Midl Include="include\DependentValue.idl" />
    <Midl Include="GroupBox.idl">
      <Filter>Controls\GroupBox</Filter>
    </Midl>
    <Midl Include="SettingsCard.idl">
      <Filter>Controls\SettingsCard</Filter>
    </Midl>
    <Midl Include="SettingsExpander.idl">
      <Filter>Controls\SettingsExpander</Filter>
    </Midl>
    <Midl Include="SettingsExpanderItemStyleSelector.idl">
      <Filter>Controls\SettingsExpander</Filter>
    </Midl>
  </ItemGroup>
  <ItemGroup>
    <Page Include="GroupBox_Resource.xaml">
      <Filter>Controls\GroupBox</Filter>
    </Page>
    <Page Include="SettingsExpander_Resource.xaml">
      <Filter>Controls\SettingsExpander</Filter>
    </Page>
    <Page Include="SettingsCard_Resource.xaml">
      <Filter>Controls\SettingsCard</Filter>
    </Page>
    <Page Include="Glyphs.xaml">
      <Filter>include</Filter>
    </Page>
  </ItemGroup>
</Project>